
Microsoft Visual Studio Solution File, Format Version 12.00
# Visual Studio 15
VisualStudioVersion = 15.0.28307.421
MinimumVisualStudioVersion = 10.0.40219.1
Project("{FAE04EC0-301F-11D3-BF4B-00C04F79EFBC}") = "CapaPresentación", "MatriculaUniversitaria\CapaPresentación.csproj", "{BD7C9C64-361D-4893-B336-5F96E50EA57B}"
EndProject
Project("{FAE04EC0-301F-11D3-BF4B-00C04F79EFBC}") = "CapaDatos", "CapaDatos\CapaDatos.csproj", "{F20E536A-14FE-41B2-8B17-6638A6FABEA6}"
EndProject
Project("{FAE04EC0-301F-11D3-BF4B-00C04F79EFBC}") = "CapaLogica", "CapaLogica\CapaLogica.csproj", "{B19A6EE2-2CA3-4090-88DB-F213470469A8}"
EndProject
Project("{FAE04EC0-301F-11D3-BF4B-00C04F79EFBC}") = "CapaEntidades", "CapaEntidades\CapaEntidades.csproj", "{76F17036-DD01-47EB-9D04-0E465CB8E081}"
EndProject
Global
	GlobalSection(SolutionConfigurationPlatforms) = preSolution
		Debug|Any CPU = Debug|Any CPU
		Release|Any CPU = Release|Any CPU
	EndGlobalSection
	GlobalSection(ProjectConfigurationPlatforms) = postSolution
		{BD7C9C64-361D-4893-B336-5F96E50EA57B}.Debug|Any CPU.ActiveCfg = Debug|Any CPU
		{BD7C9C64-361D-4893-B336-5F96E50EA57B}.Debug|Any CPU.Build.0 = Debug|Any CPU
		{BD7C9C64-361D-4893-B336-5F96E50EA57B}.Release|Any CPU.ActiveCfg = Release|Any CPU
		{BD7C9C64-361D-4893-B336-5F96E50EA57B}.Release|Any CPU.Build.0 = Release|Any CPU
		{F20E536A-14FE-41B2-8B17-6638A6FABEA6}.Debug|Any CPU.ActiveCfg = Debug|Any CPU
		{F20E536A-14FE-41B2-8B17-6638A6FABEA6}.Debug|Any CPU.Build.0 = Debug|Any CPU
		{F20E536A-14FE-41B2-8B17-6638A6FABEA6}.Release|Any CPU.ActiveCfg = Release|Any CPU
		{F20E536A-14FE-41B2-8B17-6638A6FABEA6}.Release|Any CPU.Build.0 = Release|Any CPU
		{B19A6EE2-2CA3-4090-88DB-F213470469A8}.Debug|Any CPU.ActiveCfg = Debug|Any CPU
		{B19A6EE2-2CA3-4090-88DB-F213470469A8}.Debug|Any CPU.Build.0 = Debug|Any CPU
		{B19A6EE2-2CA3-4090-88DB-F213470469A8}.Release|Any CPU.ActiveCfg = Release|Any CPU
		{B19A6EE2-2CA3-4090-88DB-F213470469A8}.Release|Any CPU.Build.0 = Release|Any CPU
		{76F17036-DD01-47EB-9D04-0E465CB8E081}.Debug|Any CPU.ActiveCfg = Debug|Any CPU
		{76F17036-DD01-47EB-9D04-0E465CB8E081}.Debug|Any CPU.Build.0 = Debug|Any CPU
		{76F17036-DD01-47EB-9D04-0E465CB8E081}.Release|Any CPU.ActiveCfg = Release|Any CPU
		{76F17036-DD01-47EB-9D04-0E465CB8E081}.Release|Any CPU.Build.0 = Release|Any CPU
	EndGlobalSection
	GlobalSection(SolutionProperties) = preSolution
		HideSolutionNode = FALSE
	EndGlobalSection
	GlobalSection(ExtensibilityGlobals) = postSolution
		SolutionGuid = {31A3FD8E-4E58-4E15-B5CD-6C4ECD466A59}
	EndGlobalSection
EndGlobal
